
Microsoft Visual Studio Solution File, Format Version 12.00
# Visual Studio 2013
VisualStudioVersion = 12.0.31101.0
MinimumVisualStudioVersion = 10.0.40219.1
Project("{FAE04EC0-301F-11D3-BF4B-00C04F79EFBC}") = "1.FillTheMatrix", "1.FillTheMatrix\1.FillTheMatrix.csproj", "{9B410FD9-E287-4A06-913A-240C33B478D9}"
EndProject
Project("{FAE04EC0-301F-11D3-BF4B-00C04F79EFBC}") = "2.MaximalSum", "2.MaximalSum\2.MaximalSum.csproj", "{216D56BD-502A-47AC-9B10-0AF3F5507FCA}"
EndProject
Project("{FAE04EC0-301F-11D3-BF4B-00C04F79EFBC}") = "3.MatrixShuffling", "3.MatrixShuffling\3.MatrixShuffling.csproj", "{3ADE0B24-2487-4CE7-BB57-666671FC1900}"
EndProject
Project("{FAE04EC0-301F-11D3-BF4B-00C04F79EFBC}") = "4.SequenceInMatrix", "4.SequenceInMatrix\4.SequenceInMatrix.csproj", "{45BE469C-385B-4DFD-80F5-0D89D7423686}"
EndProject
Project("{FAE04EC0-301F-11D3-BF4B-00C04F79EFBC}") = "5.CollectTheCoins", "5.CollectTheCoins\5.CollectTheCoins.csproj", "{E7F50973-3ED6-4426-92B8-5AF6BF8F6C6A}"
EndProject
Project("{FAE04EC0-301F-11D3-BF4B-00C04F79EFBC}") = "6.CountSymbols", "6.CountSymbols\6.CountSymbols.csproj", "{FE4D17F9-C2FD-428E-900C-701A69CD7AA9}"
EndProject
Project("{FAE04EC0-301F-11D3-BF4B-00C04F79EFBC}") = "7.Phonebook", "07.Phonebook\7.Phonebook.csproj", "{0FAAF5E2-3CE7-484E-99B4-5E103E9B6EF2}"
EndProject
Project("{FAE04EC0-301F-11D3-BF4B-00C04F79EFBC}") = "8.NightLife", "8.NightLife\8.NightLife.csproj", "{23CAD330-F9B2-4C70-9224-3D62138D8AAF}"
EndProject
Global
	GlobalSection(SolutionConfigurationPlatforms) = preSolution
		Debug|Any CPU = Debug|Any CPU
		Release|Any CPU = Release|Any CPU
	EndGlobalSection
	GlobalSection(ProjectConfigurationPlatforms) = postSolution
		{9B410FD9-E287-4A06-913A-240C33B478D9}.Debug|Any CPU.ActiveCfg = Debug|Any CPU
		{9B410FD9-E287-4A06-913A-240C33B478D9}.Debug|Any CPU.Build.0 = Debug|Any CPU
		{9B410FD9-E287-4A06-913A-240C33B478D9}.Release|Any CPU.ActiveCfg = Release|Any CPU
		{9B410FD9-E287-4A06-913A-240C33B478D9}.Release|Any CPU.Build.0 = Release|Any CPU
		{216D56BD-502A-47AC-9B10-0AF3F5507FCA}.Debug|Any CPU.ActiveCfg = Debug|Any CPU
		{216D56BD-502A-47AC-9B10-0AF3F5507FCA}.Debug|Any CPU.Build.0 = Debug|Any CPU
		{216D56BD-502A-47AC-9B10-0AF3F5507FCA}.Release|Any CPU.ActiveCfg = Release|Any CPU
		{216D56BD-502A-47AC-9B10-0AF3F5507FCA}.Release|Any CPU.Build.0 = Release|Any CPU
		{3ADE0B24-2487-4CE7-BB57-666671FC1900}.Debug|Any CPU.ActiveCfg = Debug|Any CPU
		{3ADE0B24-2487-4CE7-BB57-666671FC1900}.Debug|Any CPU.Build.0 = Debug|Any CPU
		{3ADE0B24-2487-4CE7-BB57-666671FC1900}.Release|Any CPU.ActiveCfg = Release|Any CPU
		{3ADE0B24-2487-4CE7-BB57-666671FC1900}.Release|Any CPU.Build.0 = Release|Any CPU
		{45BE469C-385B-4DFD-80F5-0D89D7423686}.Debug|Any CPU.ActiveCfg = Debug|Any CPU
		{45BE469C-385B-4DFD-80F5-0D89D7423686}.Debug|Any CPU.Build.0 = Debug|Any CPU
		{45BE469C-385B-4DFD-80F5-0D89D7423686}.Release|Any CPU.ActiveCfg = Release|Any CPU
		{45BE469C-385B-4DFD-80F5-0D89D7423686}.Release|Any CPU.Build.0 = Release|Any CPU
		{E7F50973-3ED6-4426-92B8-5AF6BF8F6C6A}.Debug|Any CPU.ActiveCfg = Debug|Any CPU
		{E7F50973-3ED6-4426-92B8-5AF6BF8F6C6A}.Debug|Any CPU.Build.0 = Debug|Any CPU
		{E7F50973-3ED6-4426-92B8-5AF6BF8F6C6A}.Release|Any CPU.ActiveCfg = Release|Any CPU
		{E7F50973-3ED6-4426-92B8-5AF6BF8F6C6A}.Release|Any CPU.Build.0 = Release|Any CPU
		{FE4D17F9-C2FD-428E-900C-701A69CD7AA9}.Debug|Any CPU.ActiveCfg = Debug|Any CPU
		{FE4D17F9-C2FD-428E-900C-701A69CD7AA9}.Debug|Any CPU.Build.0 = Debug|Any CPU
		{FE4D17F9-C2FD-428E-900C-701A69CD7AA9}.Release|Any CPU.ActiveCfg = Release|Any CPU
		{FE4D17F9-C2FD-428E-900C-701A69CD7AA9}.Release|Any CPU.Build.0 = Release|Any CPU
		{0FAAF5E2-3CE7-484E-99B4-5E103E9B6EF2}.Debug|Any CPU.ActiveCfg = Debug|Any CPU
		{0FAAF5E2-3CE7-484E-99B4-5E103E9B6EF2}.Debug|Any CPU.Build.0 = Debug|Any CPU
		{0FAAF5E2-3CE7-484E-99B4-5E103E9B6EF2}.Release|Any CPU.ActiveCfg = Release|Any CPU
		{0FAAF5E2-3CE7-484E-99B4-5E103E9B6EF2}.Release|Any CPU.Build.0 = Release|Any CPU
		{23CAD330-F9B2-4C70-9224-3D62138D8AAF}.Debug|Any CPU.ActiveCfg = Debug|Any CPU
		{23CAD330-F9B2-4C70-9224-3D62138D8AAF}.Debug|Any CPU.Build.0 = Debug|Any CPU
		{23CAD330-F9B2-4C70-9224-3D62138D8AAF}.Release|Any CPU.ActiveCfg = Release|Any CPU
		{23CAD330-F9B2-4C70-9224-3D62138D8AAF}.Release|Any CPU.Build.0 = Release|Any CPU
	EndGlobalSection
	GlobalSection(SolutionProperties) = preSolution
		HideSolutionNode = FALSE
	EndGlobalSection
EndGlobal
